
Microsoft Visual Studio Solution File, Format Version 12.00
# Visual Studio Version 17
VisualStudioVersion = 17.6.33723.286
MinimumVisualStudioVersion = 10.0.40219.1
Project("{9A19103F-16F7-4668-BE54-9A1E7A4F7556}") = "SmartEyeTools", "Client\SmartEyeTools.csproj", "{3CA05D95-C93D-4D73-94A2-61853F1E786C}"
EndProject
Project("{9A19103F-16F7-4668-BE54-9A1E7A4F7556}") = "SmartEyeToolsTest", "Tests\SmartEyeToolsTest.csproj", "{D9002A04-C8BB-42DE-98E8-9F8E13948F37}"
EndProject
Global
	GlobalSection(SolutionConfigurationPlatforms) = preSolution
		Debug|Any CPU = Debug|Any CPU
		Release|Any CPU = Release|Any CPU
	EndGlobalSection
	GlobalSection(ProjectConfigurationPlatforms) = postSolution
		{3CA05D95-C93D-4D73-94A2-61853F1E786C}.Debug|Any CPU.ActiveCfg = Debug|Any CPU
		{3CA05D95-C93D-4D73-94A2-61853F1E786C}.Debug|Any CPU.Build.0 = Debug|Any CPU
		{3CA05D95-C93D-4D73-94A2-61853F1E786C}.Release|Any CPU.ActiveCfg = Release|Any CPU
		{3CA05D95-C93D-4D73-94A2-61853F1E786C}.Release|Any CPU.Build.0 = Release|Any CPU
		{D9002A04-C8BB-42DE-98E8-9F8E13948F37}.Debug|Any CPU.ActiveCfg = Debug|Any CPU
		{D9002A04-C8BB-42DE-98E8-9F8E13948F37}.Debug|Any CPU.Build.0 = Debug|Any CPU
		{D9002A04-C8BB-42DE-98E8-9F8E13948F37}.Release|Any CPU.ActiveCfg = Release|Any CPU
		{D9002A04-C8BB-42DE-98E8-9F8E13948F37}.Release|Any CPU.Build.0 = Release|Any CPU
	EndGlobalSection
	GlobalSection(SolutionProperties) = preSolution
		HideSolutionNode = FALSE
	EndGlobalSection
	GlobalSection(ExtensibilityGlobals) = postSolution
		SolutionGuid = {F2A8D7E5-A49F-4F7C-BB64-3F166F5C5286}
	EndGlobalSection
EndGlobal
